
Microsoft Visual Studio Solution File, Format Version 12.00
# Visual Studio 14
VisualStudioVersion = 14.0.23107.0
MinimumVisualStudioVersion = 10.0.40219.1
Project("{FAE04EC0-301F-11D3-BF4B-00C04F79EFBC}") = "SPDeployment", "SPDeployment\SPDeployment.csproj", "{9DFE0E1D-73A7-413B-9376-A5C9D5C25BA1}"
EndProject
Project("{2150E333-8FDC-42A3-9474-1A3956D46DE8}") = "npm", "npm", "{60D8B42B-B131-484F-BE06-ECD5B386DFCE}"
	ProjectSection(SolutionItems) = preProject
		npm\package.json = npm\package.json
		npm\README.md = npm\README.md
	EndProjectSection
EndProject
Project("{2150E333-8FDC-42A3-9474-1A3956D46DE8}") = "bin", "bin", "{9593F609-D73A-414B-AEDD-0DDD15F916B2}"
EndProject
Project("{2150E333-8FDC-42A3-9474-1A3956D46DE8}") = "sample", "sample", "{ADA6B961-AC55-485D-BBE2-3C70788FBA37}"
	ProjectSection(SolutionItems) = preProject
		npm\sample\SPDeployment.json = npm\sample\SPDeployment.json
	EndProjectSection
EndProject
Project("{2150E333-8FDC-42A3-9474-1A3956D46DE8}") = "Solution Items", "Solution Items", "{E20E5056-5122-4449-BB01-256031952C93}"
	ProjectSection(SolutionItems) = preProject
		LICENSE = LICENSE
		README.md = README.md
	EndProjectSection
EndProject
Global
	GlobalSection(SolutionConfigurationPlatforms) = preSolution
		Debug|Any CPU = Debug|Any CPU
		Release|Any CPU = Release|Any CPU
	EndGlobalSection
	GlobalSection(ProjectConfigurationPlatforms) = postSolution
		{9DFE0E1D-73A7-413B-9376-A5C9D5C25BA1}.Debug|Any CPU.ActiveCfg = Debug|Any CPU
		{9DFE0E1D-73A7-413B-9376-A5C9D5C25BA1}.Debug|Any CPU.Build.0 = Debug|Any CPU
		{9DFE0E1D-73A7-413B-9376-A5C9D5C25BA1}.Release|Any CPU.ActiveCfg = Release|Any CPU
		{9DFE0E1D-73A7-413B-9376-A5C9D5C25BA1}.Release|Any CPU.Build.0 = Release|Any CPU
	EndGlobalSection
	GlobalSection(SolutionProperties) = preSolution
		HideSolutionNode = FALSE
	EndGlobalSection
	GlobalSection(NestedProjects) = preSolution
		{9593F609-D73A-414B-AEDD-0DDD15F916B2} = {60D8B42B-B131-484F-BE06-ECD5B386DFCE}
		{ADA6B961-AC55-485D-BBE2-3C70788FBA37} = {60D8B42B-B131-484F-BE06-ECD5B386DFCE}
	EndGlobalSection
EndGlobal
